// !$*UTF8*$!
{
	archiveVersion = 1;
	classes = {
	};
	objectVersion = 46;
	objects = {

/* Begin PBXBuildFile section */
		676AE6C91D05D8D3000335E8 /* AppDelegate.swift in Sources */ = {isa = PBXBuildFile; fileRef = 676AE6C81D05D8D3000335E8 /* AppDelegate.swift */; };
		676AE6CB1D05D8D3000335E8 /* ViewController.swift in Sources */ = {isa = PBXBuildFile; fileRef = 676AE6CA1D05D8D3000335E8 /* ViewController.swift */; };
		676AE6CE1D05D8D3000335E8 /* Main.storyboard in Resources */ = {isa = PBXBuildFile; fileRef = 676AE6CC1D05D8D3000335E8 /* Main.storyboard */; };
		676AE6D01D05D8D3000335E8 /* Assets.xcassets in Resources */ = {isa = PBXBuildFile; fileRef = 676AE6CF1D05D8D3000335E8 /* Assets.xcassets */; };
		676AE6D31D05D8D3000335E8 /* LaunchScreen.storyboard in Resources */ = {isa = PBXBuildFile; fileRef = 676AE6D11D05D8D3000335E8 /* LaunchScreen.storyboard */; };
		676AE6DE1D05D8D4000335E8 /* GachaTechTests.swift in Sources */ = {isa = PBXBuildFile; fileRef = 676AE6DD1D05D8D4000335E8 /* GachaTechTests.swift */; };
		676AE6E91D05D8D4000335E8 /* GachaTechUITests.swift in Sources */ = {isa = PBXBuildFile; fileRef = 676AE6E81D05D8D4000335E8 /* GachaTechUITests.swift */; };
		676AE70D1D066971000335E8 /* AnimationUtility.swift in Sources */ = {isa = PBXBuildFile; fileRef = 676AE6F71D066971000335E8 /* AnimationUtility.swift */; };
		676AE70E1D066971000335E8 /* bg_blue@2x.png in Resources */ = {isa = PBXBuildFile; fileRef = 676AE6F91D066971000335E8 /* bg_blue@2x.png */; };
		676AE70F1D066971000335E8 /* bg_gold@2x.png in Resources */ = {isa = PBXBuildFile; fileRef = 676AE6FA1D066971000335E8 /* bg_gold@2x.png */; };
		676AE7101D066971000335E8 /* bg_red@2x.png in Resources */ = {isa = PBXBuildFile; fileRef = 676AE6FB1D066971000335E8 /* bg_red@2x.png */; };
		676AE7111D066971000335E8 /* gacha@2x (1).png in Resources */ = {isa = PBXBuildFile; fileRef = 676AE6FC1D066971000335E8 /* gacha@2x (1).png */; };
		676AE7121D066971000335E8 /* gacha@2x.png in Resources */ = {isa = PBXBuildFile; fileRef = 676AE6FD1D066971000335E8 /* gacha@2x.png */; };
		676AE7131D066971000335E8 /* Default-568h@2x.png in Resources */ = {isa = PBXBuildFile; fileRef = 676AE6FF1D066971000335E8 /* Default-568h@2x.png */; };
		676AE7141D066971000335E8 /* Default-667h@2x.png in Resources */ = {isa = PBXBuildFile; fileRef = 676AE7001D066971000335E8 /* Default-667h@2x.png */; };
		676AE7151D066971000335E8 /* Default-736h@3x.png in Resources */ = {isa = PBXBuildFile; fileRef = 676AE7011D066971000335E8 /* Default-736h@3x.png */; };
		676AE7161D066971000335E8 /* monster001.png in Resources */ = {isa = PBXBuildFile; fileRef = 676AE7031D066971000335E8 /* monster001.png */; };
		676AE7171D066971000335E8 /* monster002.png in Resources */ = {isa = PBXBuildFile; fileRef = 676AE7041D066971000335E8 /* monster002.png */; };
		676AE7181D066971000335E8 /* monster003.png in Resources */ = {isa = PBXBuildFile; fileRef = 676AE7051D066971000335E8 /* monster003.png */; };
		676AE7191D066971000335E8 /* monster004.png in Resources */ = {isa = PBXBuildFile; fileRef = 676AE7061D066971000335E8 /* monster004.png */; };
		676AE71A1D066971000335E8 /* monster005.png in Resources */ = {isa = PBXBuildFile; fileRef = 676AE7071D066971000335E8 /* monster005.png */; };
		676AE71B1D066971000335E8 /* monster006.png in Resources */ = {isa = PBXBuildFile; fileRef = 676AE7081D066971000335E8 /* monster006.png */; };
		676AE71C1D066971000335E8 /* monster007.png in Resources */ = {isa = PBXBuildFile; fileRef = 676AE7091D066971000335E8 /* monster007.png */; };
		676AE71D1D066971000335E8 /* monster008.png in Resources */ = {isa = PBXBuildFile; fileRef = 676AE70A1D066971000335E8 /* monster008.png */; };
		676AE71E1D066971000335E8 /* monster009.png in Resources */ = {isa = PBXBuildFile; fileRef = 676AE70B1D066971000335E8 /* monster009.png */; };
		676AE71F1D066971000335E8 /* monster010.png in Resources */ = {isa = PBXBuildFile; fileRef = 676AE70C1D066971000335E8 /* monster010.png */; };
		676AE7211D066E2A000335E8 /* ResultViewController.swift in Sources */ = {isa = PBXBuildFile; fileRef = 676AE7201D066E2A000335E8 /* ResultViewController.swift */; };
/* End PBXBuildFile section */

/* Begin PBXContainerItemProxy section */
		676AE6DA1D05D8D4000335E8 /* PBXContainerItemProxy */ = {
			isa = PBXContainerItemProxy;
			containerPortal = 676AE6BD1D05D8D2000335E8 /* Project object */;
			proxyType = 1;
			remoteGlobalIDString = 676AE6C41D05D8D3000335E8;
			remoteInfo = GachaTech;
		};
		676AE6E51D05D8D4000335E8 /* PBXContainerItemProxy */ = {
			isa = PBXContainerItemProxy;
			containerPortal = 676AE6BD1D05D8D2000335E8 /* Project object */;
			proxyType = 1;
			remoteGlobalIDString = 676AE6C41D05D8D3000335E8;
			remoteInfo = GachaTech;
		};
/* End PBXContainerItemProxy section */

/* Begin PBXFileReference section */
		676AE6C51D05D8D3000335E8 /* GachaTech.app */ = {isa = PBXFileReference; explicitFileType = wrapper.application; includeInIndex = 0; path = GachaTech.app; sourceTree = BUILT_PRODUCTS_DIR; };
		676AE6C81D05D8D3000335E8 /* AppDelegate.swift */ = {isa = PBXFileReference; lastKnownFileType = sourcecode.swift; path = AppDelegate.swift; sourceTree = "<group>"; };
		676AE6CA1D05D8D3000335E8 /* ViewController.swift */ = {isa = PBXFileReference; lastKnownFileType = sourcecode.swift; path = ViewController.swift; sourceTree = "<group>"; };
		676AE6CD1D05D8D3000335E8 /* Base */ = {isa = PBXFileReference; lastKnownFileType = file.storyboard; name = Base; path = Base.lproj/Main.storyboard; sourceTree = "<group>"; };
		676AE6CF1D05D8D3000335E8 /* Assets.xcassets */ = {isa = PBXFileReference; lastKnownFileType = folder.assetcatalog; path = Assets.xcassets; sourceTree = "<group>"; };
		676AE6D21D05D8D3000335E8 /* Base */ = {isa = PBXFileReference; lastKnownFileType = file.storyboard; name = Base; path = Base.lproj/LaunchScreen.storyboard; sourceTree = "<group>"; };
		676AE6D41D05D8D3000335E8 /* Info.plist */ = {isa = PBXFileReference; lastKnownFileType = text.plist.xml; path = Info.plist; sourceTree = "<group>"; };
		676AE6D91D05D8D4000335E8 /* GachaTechTests.xctest */ = {isa = PBXFileReference; explicitFileType = wrapper.cfbundle; includeInIndex = 0; path = GachaTechTests.xctest; sourceTree = BUILT_PRODUCTS_DIR; };
		676AE6DD1D05D8D4000335E8 /* GachaTechTests.swift */ = {isa = PBXFileReference; lastKnownFileType = sourcecode.swift; path = GachaTechTests.swift; sourceTree = "<group>"; };
		676AE6DF1D05D8D4000335E8 /* Info.plist */ = {isa = PBXFileReference; lastKnownFileType = text.plist.xml; path = Info.plist; sourceTree = "<group>"; };
		676AE6E41D05D8D4000335E8 /* GachaTechUITests.xctest */ = {isa = PBXFileReference; explicitFileType = wrapper.cfbundle; includeInIndex = 0; path = GachaTechUITests.xctest; sourceTree = BUILT_PRODUCTS_DIR; };
		676AE6E81D05D8D4000335E8 /* GachaTechUITests.swift */ = {isa = PBXFileReference; lastKnownFileType = sourcecode.swift; path = GachaTechUITests.swift; sourceTree = "<group>"; };
		676AE6EA1D05D8D4000335E8 /* Info.plist */ = {isa = PBXFileReference; lastKnownFileType = text.plist.xml; path = Info.plist; sourceTree = "<group>"; };
		676AE6F71D066971000335E8 /* AnimationUtility.swift */ = {isa = PBXFileReference; fileEncoding = 4; lastKnownFileType = sourcecode.swift; path = AnimationUtility.swift; sourceTree = "<group>"; };
		676AE6F91D066971000335E8 /* bg_blue@2x.png */ = {isa = PBXFileReference; lastKnownFileType = image.png; path = "bg_blue@2x.png"; sourceTree = "<group>"; };
		676AE6FA1D066971000335E8 /* bg_gold@2x.png */ = {isa = PBXFileReference; lastKnownFileType = image.png; path = "bg_gold@2x.png"; sourceTree = "<group>"; };
		676AE6FB1D066971000335E8 /* bg_red@2x.png */ = {isa = PBXFileReference; lastKnownFileType = image.png; path = "bg_red@2x.png"; sourceTree = "<group>"; };
		676AE6FC1D066971000335E8 /* gacha@2x (1).png */ = {isa = PBXFileReference; lastKnownFileType = image.png; path = "gacha@2x (1).png"; sourceTree = "<group>"; };
		676AE6FD1D066971000335E8 /* gacha@2x.png */ = {isa = PBXFileReference; lastKnownFileType = image.png; path = "gacha@2x.png"; sourceTree = "<group>"; };
		676AE6FF1D066971000335E8 /* Default-568h@2x.png */ = {isa = PBXFileReference; lastKnownFileType = image.png; path = "Default-568h@2x.png"; sourceTree = "<group>"; };
		676AE7001D066971000335E8 /* Default-667h@2x.png */ = {isa = PBXFileReference; lastKnownFileType = image.png; path = "Default-667h@2x.png"; sourceTree = "<group>"; };
		676AE7011D066971000335E8 /* Default-736h@3x.png */ = {isa = PBXFileReference; lastKnownFileType = image.png; path = "Default-736h@3x.png"; sourceTree = "<group>"; };
		676AE7031D066971000335E8 /* monster001.png */ = {isa = PBXFileReference; lastKnownFileType = image.png; path = monster001.png; sourceTree = "<group>"; };
		676AE7041D066971000335E8 /* monster002.png */ = {isa = PBXFileReference; lastKnownFileType = image.png; path = monster002.png; sourceTree = "<group>"; };
		676AE7051D066971000335E8 /* monster003.png */ = {isa = PBXFileReference; lastKnownFileType = image.png; path = monster003.png; sourceTree = "<group>"; };
		676AE7061D066971000335E8 /* monster004.png */ = {isa = PBXFileReference; lastKnownFileType = image.png; path = monster004.png; sourceTree = "<group>"; };
		676AE7071D066971000335E8 /* monster005.png */ = {isa = PBXFileReference; lastKnownFileType = image.png; path = monster005.png; sourceTree = "<group>"; };
		676AE7081D066971000335E8 /* monster006.png */ = {isa = PBXFileReference; lastKnownFileType = image.png; path = monster006.png; sourceTree = "<group>"; };
		676AE7091D066971000335E8 /* monster007.png */ = {isa = PBXFileReference; lastKnownFileType = image.png; path = monster007.png; sourceTree = "<group>"; };
		676AE70A1D066971000335E8 /* monster008.png */ = {isa = PBXFileReference; lastKnownFileType = image.png; path = monster008.png; sourceTree = "<group>"; };
		676AE70B1D066971000335E8 /* monster009.png */ = {isa = PBXFileReference; lastKnownFileType = image.png; path = monster009.png; sourceTree = "<group>"; };
		676AE70C1D066971000335E8 /* monster010.png */ = {isa = PBXFileReference; lastKnownFileType = image.png; path = monster010.png; sourceTree = "<group>"; };
		676AE7201D066E2A000335E8 /* ResultViewController.swift */ = {isa = PBXFileReference; fileEncoding = 4; lastKnownFileType = sourcecode.swift; path = ResultViewController.swift; sourceTree = SOURCE_ROOT; };
/* End PBXFileReference section */

/* Begin PBXFrameworksBuildPhase section */
		676AE6C21D05D8D3000335E8 /* Frameworks */ = {
			isa = PBXFrameworksBuildPhase;
			buildActionMask = 2147483647;
			files = (
			);
			runOnlyForDeploymentPostprocessing = 0;
		};
		676AE6D61D05D8D4000335E8 /* Frameworks */ = {
			isa = PBXFrameworksBuildPhase;
			buildActionMask = 2147483647;
			files = (
			);
			runOnlyForDeploymentPostprocessing = 0;
		};
		676AE6E11D05D8D4000335E8 /* Frameworks */ = {
			isa = PBXFrameworksBuildPhase;
			buildActionMask = 2147483647;
			files = (
			);
			runOnlyForDeploymentPostprocessing = 0;
		};
/* End PBXFrameworksBuildPhase section */

/* Begin PBXGroup section */
		676AE6BC1D05D8D2000335E8 = {
			isa = PBXGroup;
			children = (
				676AE6C71D05D8D3000335E8 /* GachaTech */,
				676AE6DC1D05D8D4000335E8 /* GachaTechTests */,
				676AE6E71D05D8D4000335E8 /* GachaTechUITests */,
				676AE6C61D05D8D3000335E8 /* Products */,
			);
			sourceTree = "<group>";
		};
		676AE6C61D05D8D3000335E8 /* Products */ = {
			isa = PBXGroup;
			children = (
				676AE6C51D05D8D3000335E8 /* GachaTech.app */,
				676AE6D91D05D8D4000335E8 /* GachaTechTests.xctest */,
				676AE6E41D05D8D4000335E8 /* GachaTechUITests.xctest */,
			);
			name = Products;
			sourceTree = "<group>";
		};
		676AE6C71D05D8D3000335E8 /* GachaTech */ = {
			isa = PBXGroup;
			children = (
				676AE6F61D066971000335E8 /* GachaResources */,
				676AE6C81D05D8D3000335E8 /* AppDelegate.swift */,
				676AE6CA1D05D8D3000335E8 /* ViewController.swift */,
				676AE6CC1D05D8D3000335E8 /* Main.storyboard */,
				676AE7201D066E2A000335E8 /* ResultViewController.swift */,
				676AE6CF1D05D8D3000335E8 /* Assets.xcassets */,
				676AE6D11D05D8D3000335E8 /* LaunchScreen.storyboard */,
				676AE6D41D05D8D3000335E8 /* Info.plist */,
			);
			path = GachaTech;
			sourceTree = "<group>";
		};
		676AE6DC1D05D8D4000335E8 /* GachaTechTests */ = {
			isa = PBXGroup;
			children = (
				676AE6DD1D05D8D4000335E8 /* GachaTechTests.swift */,
				676AE6DF1D05D8D4000335E8 /* Info.plist */,
			);
			path = GachaTechTests;
			sourceTree = "<group>";
		};
		676AE6E71D05D8D4000335E8 /* GachaTechUITests */ = {
			isa = PBXGroup;
			children = (
				676AE6E81D05D8D4000335E8 /* GachaTechUITests.swift */,
				676AE6EA1D05D8D4000335E8 /* Info.plist */,
			);
			path = GachaTechUITests;
			sourceTree = "<group>";
		};
		676AE6F61D066971000335E8 /* GachaResources */ = {
			isa = PBXGroup;
			children = (
				676AE6F71D066971000335E8 /* AnimationUtility.swift */,
				676AE6F81D066971000335E8 /* background */,
				676AE6FE1D066971000335E8 /* Defaults */,
				676AE7021D066971000335E8 /* monster */,
			);
			path = GachaResources;
			sourceTree = "<group>";
		};
		676AE6F81D066971000335E8 /* background */ = {
			isa = PBXGroup;
			children = (
				676AE6F91D066971000335E8 /* bg_blue@2x.png */,
				676AE6FA1D066971000335E8 /* bg_gold@2x.png */,
				676AE6FB1D066971000335E8 /* bg_red@2x.png */,
				676AE6FC1D066971000335E8 /* gacha@2x (1).png */,
				676AE6FD1D066971000335E8 /* gacha@2x.png */,
			);
			path = background;
			sourceTree = "<group>";
		};
		676AE6FE1D066971000335E8 /* Defaults */ = {
			isa = PBXGroup;
			children = (
				676AE6FF1D066971000335E8 /* Default-568h@2x.png */,
				676AE7001D066971000335E8 /* Default-667h@2x.png */,
				676AE7011D066971000335E8 /* Default-736h@3x.png */,
			);
			path = Defaults;
			sourceTree = "<group>";
		};
		676AE7021D066971000335E8 /* monster */ = {
			isa = PBXGroup;
			children = (
				676AE7031D066971000335E8 /* monster001.png */,
				676AE7041D066971000335E8 /* monster002.png */,
				676AE7051D066971000335E8 /* monster003.png */,
				676AE7061D066971000335E8 /* monster004.png */,
				676AE7071D066971000335E8 /* monster005.png */,
				676AE7081D066971000335E8 /* monster006.png */,
				676AE7091D066971000335E8 /* monster007.png */,
				676AE70A1D066971000335E8 /* monster008.png */,
				676AE70B1D066971000335E8 /* monster009.png */,
				676AE70C1D066971000335E8 /* monster010.png */,
			);
			path = monster;
			sourceTree = "<group>";
		};
/* End PBXGroup section */

/* Begin PBXNativeTarget section */
		676AE6C41D05D8D3000335E8 /* GachaTech */ = {
			isa = PBXNativeTarget;
			buildConfigurationList = 676AE6ED1D05D8D4000335E8 /* Build configuration list for PBXNativeTarget "GachaTech" */;
			buildPhases = (
				676AE6C11D05D8D3000335E8 /* Sources */,
				676AE6C21D05D8D3000335E8 /* Frameworks */,
				676AE6C31D05D8D3000335E8 /* Resources */,
			);
			buildRules = (
			);
			dependencies = (
			);
			name = GachaTech;
			productName = GachaTech;
			productReference = 676AE6C51D05D8D3000335E8 /* GachaTech.app */;
			productType = "com.apple.product-type.application";
		};
		676AE6D81D05D8D4000335E8 /* GachaTechTests */ = {
			isa = PBXNativeTarget;
			buildConfigurationList = 676AE6F01D05D8D4000335E8 /* Build configuration list for PBXNativeTarget "GachaTechTests" */;
			buildPhases = (
				676AE6D51D05D8D4000335E8 /* Sources */,
				676AE6D61D05D8D4000335E8 /* Frameworks */,
				676AE6D71D05D8D4000335E8 /* Resources */,
			);
			buildRules = (
			);
			dependencies = (
				676AE6DB1D05D8D4000335E8 /* PBXTargetDependency */,
			);
			name = GachaTechTests;
			productName = GachaTechTests;
			productReference = 676AE6D91D05D8D4000335E8 /* GachaTechTests.xctest */;
			productType = "com.apple.product-type.bundle.unit-test";
		};
		676AE6E31D05D8D4000335E8 /* GachaTechUITests */ = {
			isa = PBXNativeTarget;
			buildConfigurationList = 676AE6F31D05D8D4000335E8 /* Build configuration list for PBXNativeTarget "GachaTechUITests" */;
			buildPhases = (
				676AE6E01D05D8D4000335E8 /* Sources */,
				676AE6E11D05D8D4000335E8 /* Frameworks */,
				676AE6E21D05D8D4000335E8 /* Resources */,
			);
			buildRules = (
			);
			dependencies = (
				676AE6E61D05D8D4000335E8 /* PBXTargetDependency */,
			);
			name = GachaTechUITests;
			productName = GachaTechUITests;
			productReference = 676AE6E41D05D8D4000335E8 /* GachaTechUITests.xctest */;
			productType = "com.apple.product-type.bundle.ui-testing";
		};
/* End PBXNativeTarget section */

/* Begin PBXProject section */
		676AE6BD1D05D8D2000335E8 /* Project object */ = {
			isa = PBXProject;
			attributes = {
				LastSwiftUpdateCheck = 0730;
				LastUpgradeCheck = 0730;
				ORGANIZATIONNAME = com.odakaayaka;
				TargetAttributes = {
					676AE6C41D05D8D3000335E8 = {
						CreatedOnToolsVersion = 7.3.1;
					};
					676AE6D81D05D8D4000335E8 = {
						CreatedOnToolsVersion = 7.3.1;
						TestTargetID = 676AE6C41D05D8D3000335E8;
					};
					676AE6E31D05D8D4000335E8 = {
						CreatedOnToolsVersion = 7.3.1;
						TestTargetID = 676AE6C41D05D8D3000335E8;
					};
				};
			};
			buildConfigurationList = 676AE6C01D05D8D2000335E8 /* Build configuration list for PBXProject "GachaTech" */;
			compatibilityVersion = "Xcode 3.2";
			developmentRegion = English;
			hasScannedForEncodings = 0;
			knownRegions = (
				en,
				Base,
			);
			mainGroup = 676AE6BC1D05D8D2000335E8;
			productRefGroup = 676AE6C61D05D8D3000335E8 /* Products */;
			projectDirPath = "";
			projectRoot = "";
			targets = (
				676AE6C41D05D8D3000335E8 /* GachaTech */,
				676AE6D81D05D8D4000335E8 /* GachaTechTests */,
				676AE6E31D05D8D4000335E8 /* GachaTechUITests */,
			);
		};
/* End PBXProject section */

/* Begin PBXResourcesBuildPhase section */
		676AE6C31D05D8D3000335E8 /* Resources */ = {
			isa = PBXResourcesBuildPhase;
			buildActionMask = 2147483647;
			files = (
				676AE71B1D066971000335E8 /* monster006.png in Resources */,
				676AE6D31D05D8D3000335E8 /* LaunchScreen.storyboard in Resources */,
				676AE7171D066971000335E8 /* monster002.png in Resources */,
				676AE70F1D066971000335E8 /* bg_gold@2x.png in Resources */,
				676AE7131D066971000335E8 /* Default-568h@2x.png in Resources */,
				676AE7191D066971000335E8 /* monster004.png in Resources */,
				676AE7151D066971000335E8 /* Default-736h@3x.png in Resources */,
				676AE7111D066971000335E8 /* gacha@2x (1).png in Resources */,
				676AE6D01D05D8D3000335E8 /* Assets.xcassets in Resources */,
				676AE71F1D066971000335E8 /* monster010.png in Resources */,
				676AE6CE1D05D8D3000335E8 /* Main.storyboard in Resources */,
				676AE71C1D066971000335E8 /* monster007.png in Resources */,
				676AE7121D066971000335E8 /* gacha@2x.png in Resources */,
				676AE70E1D066971000335E8 /* bg_blue@2x.png in Resources */,
				676AE71D1D066971000335E8 /* monster008.png in Resources */,
				676AE71E1D066971000335E8 /* monster009.png in Resources */,
				676AE7181D066971000335E8 /* monster003.png in Resources */,
				676AE7101D066971000335E8 /* bg_red@2x.png in Resources */,
				676AE7161D066971000335E8 /* monster001.png in Resources */,
				676AE71A1D066971000335E8 /* monster005.png in Resources */,
				676AE7141D066971000335E8 /* Default-667h@2x.png in Resources */,
			);
			runOnlyForDeploymentPostprocessing = 0;
		};
		676AE6D71D05D8D4000335E8 /* Resources */ = {
			isa = PBXResourcesBuildPhase;
			buildActionMask = 2147483647;
			files = (
			);
			runOnlyForDeploymentPostprocessing = 0;
		};
		676AE6E21D05D8D4000335E8 /* Resources */ = {
			isa = PBXResourcesBuildPhase;
			buildActionMask = 2147483647;
			files = (
			);
			runOnlyForDeploymentPostprocessing = 0;
		};
/* End PBXResourcesBuildPhase section */

/* Begin PBXSourcesBuildPhase section */
		676AE6C11D05D8D3000335E8 /* Sources */ = {
			isa = PBXSourcesBuildPhase;
			buildActionMask = 2147483647;
			files = (
				676AE6CB1D05D8D3000335E8 /* ViewController.swift in Sources */,
				676AE6C91D05D8D3000335E8 /* AppDelegate.swift in Sources */,
				676AE70D1D066971000335E8 /* AnimationUtility.swift in Sources */,
				676AE7211D066E2A000335E8 /* ResultViewController.swift in Sources */,
			);
			runOnlyForDeploymentPostprocessing = 0;
		};
		676AE6D51D05D8D4000335E8 /* Sources */ = {
			isa = PBXSourcesBuildPhase;
			buildActionMask = 2147483647;
			files = (
				676AE6DE1D05D8D4000335E8 /* GachaTechTests.swift in Sources */,
			);
			runOnlyForDeploymentPostprocessing = 0;
		};
		676AE6E01D05D8D4000335E8 /* Sources */ = {
			isa = PBXSourcesBuildPhase;
			buildActionMask = 2147483647;
			files = (
				676AE6E91D05D8D4000335E8 /* GachaTechUITests.swift in Sources */,
			);
			runOnlyForDeploymentPostprocessing = 0;
		};
/* End PBXSourcesBuildPhase section */

/* Begin PBXTargetDependency section */
		676AE6DB1D05D8D4000335E8 /* PBXTargetDependency */ = {
			isa = PBXTargetDependency;
			target = 676AE6C41D05D8D3000335E8 /* GachaTech */;
			targetProxy = 676AE6DA1D05D8D4000335E8 /* PBXContainerItemProxy */;
		};
		676AE6E61D05D8D4000335E8 /* PBXTargetDependency */ = {
			isa = PBXTargetDependency;
			target = 676AE6C41D05D8D3000335E8 /* GachaTech */;
			targetProxy = 676AE6E51D05D8D4000335E8 /* PBXContainerItemProxy */;
		};
/* End PBXTargetDependency section */

/* Begin PBXVariantGroup section */
		676AE6CC1D05D8D3000335E8 /* Main.storyboard */ = {
			isa = PBXVariantGroup;
			children = (
				676AE6CD1D05D8D3000335E8 /* Base */,
			);
			name = Main.storyboard;
			sourceTree = "<group>";
		};
		676AE6D11D05D8D3000335E8 /* LaunchScreen.storyboard */ = {
			isa = PBXVariantGroup;
			children = (
				676AE6D21D05D8D3000335E8 /* Base */,
			);
			name = LaunchScreen.storyboard;
			sourceTree = "<group>";
		};
/* End PBXVariantGroup section */

/* Begin XCBuildConfiguration section */
		676AE6EB1D05D8D4000335E8 /* Debug */ = {
			isa = XCBuildConfiguration;
			buildSettings = {
				ALWAYS_SEARCH_USER_PATHS = NO;
				CLANG_ANALYZER_NONNULL = YES;
				CLANG_CXX_LANGUAGE_STANDARD = "gnu++0x";
				CLANG_CXX_LIBRARY = "libc++";
				CLANG_ENABLE_MODULES = YES;
				CLANG_ENABLE_OBJC_ARC = YES;
				CLANG_WARN_BOOL_CONVERSION = YES;
				CLANG_WARN_CONSTANT_CONVERSION = YES;
				CLANG_WARN_DIRECT_OBJC_ISA_USAGE = YES_ERROR;
				CLANG_WARN_EMPTY_BODY = YES;
				CLANG_WARN_ENUM_CONVERSION = YES;
				CLANG_WARN_INT_CONVERSION = YES;
				CLANG_WARN_OBJC_ROOT_CLASS = YES_ERROR;
				CLANG_WARN_UNREACHABLE_CODE = YES;
				CLANG_WARN__DUPLICATE_METHOD_MATCH = YES;
				"CODE_SIGN_IDENTITY[sdk=iphoneos*]" = "iPhone Developer";
				COPY_PHASE_STRIP = NO;
				DEBUG_INFORMATION_FORMAT = dwarf;
				ENABLE_STRICT_OBJC_MSGSEND = YES;
				ENABLE_TESTABILITY = YES;
				GCC_C_LANGUAGE_STANDARD = gnu99;
				GCC_DYNAMIC_NO_PIC = NO;
				GCC_NO_COMMON_BLOCKS = YES;
				GCC_OPTIMIZATION_LEVEL = 0;
				GCC_PREPROCESSOR_DEFINITIONS = (
					"DEBUG=1",
					"$(inherited)",
				);
				GCC_WARN_64_TO_32_BIT_CONVERSION = YES;
				GCC_WARN_ABOUT_RETURN_TYPE = YES_ERROR;
				GCC_WARN_UNDECLARED_SELECTOR = YES;
				GCC_WARN_UNINITIALIZED_AUTOS = YES_AGGRESSIVE;
				GCC_WARN_UNUSED_FUNCTION = YES;
				GCC_WARN_UNUSED_VARIABLE = YES;
				IPHONEOS_DEPLOYMENT_TARGET = 9.3;
				MTL_ENABLE_DEBUG_INFO = YES;
				ONLY_ACTIVE_ARCH = YES;
				SDKROOT = iphoneos;
				SWIFT_OPTIMIZATION_LEVEL = "-Onone";
			};
			name = Debug;
		};
		676AE6EC1D05D8D4000335E8 /* Release */ = {
			isa = XCBuildConfiguration;
			buildSettings = {
				ALWAYS_SEARCH_USER_PATHS = NO;
				CLANG_ANALYZER_NONNULL = YES;
				CLANG_CXX_LANGUAGE_STANDARD = "gnu++0x";
				CLANG_CXX_LIBRARY = "libc++";
				CLANG_ENABLE_MODULES = YES;
				CLANG_ENABLE_OBJC_ARC = YES;
				CLANG_WARN_BOOL_CONVERSION = YES;
				CLANG_WARN_CONSTANT_CONVERSION = YES;
				CLANG_WARN_DIRECT_OBJC_ISA_USAGE = YES_ERROR;
				CLANG_WARN_EMPTY_BODY = YES;
				CLANG_WARN_ENUM_CONVERSION = YES;
				CLANG_WARN_INT_CONVERSION = YES;
				CLANG_WARN_OBJC_ROOT_CLASS = YES_ERROR;
				CLANG_WARN_UNREACHABLE_CODE = YES;
				CLANG_WARN__DUPLICATE_METHOD_MATCH = YES;
				"CODE_SIGN_IDENTITY[sdk=iphoneos*]" = "iPhone Developer";
				COPY_PHASE_STRIP = NO;
				DEBUG_INFORMATION_FORMAT = "dwarf-with-dsym";
				ENABLE_NS_ASSERTIONS = NO;
				ENABLE_STRICT_OBJC_MSGSEND = YES;
				GCC_C_LANGUAGE_STANDARD = gnu99;
				GCC_NO_COMMON_BLOCKS = YES;
				GCC_WARN_64_TO_32_BIT_CONVERSION = YES;
				GCC_WARN_ABOUT_RETURN_TYPE = YES_ERROR;
				GCC_WARN_UNDECLARED_SELECTOR = YES;
				GCC_WARN_UNINITIALIZED_AUTOS = YES_AGGRESSIVE;
				GCC_WARN_UNUSED_FUNCTION = YES;
				GCC_WARN_UNUSED_VARIABLE = YES;
				IPHONEOS_DEPLOYMENT_TARGET = 9.3;
				MTL_ENABLE_DEBUG_INFO = NO;
				SDKROOT = iphoneos;
				VALIDATE_PRODUCT = YES;
			};
			name = Release;
		};
		676AE6EE1D05D8D4000335E8 /* Debug */ = {
			isa = XCBuildConfiguration;
			buildSettings = {
				ASSETCATALOG_COMPILER_APPICON_NAME = AppIcon;
				INFOPLIST_FILE = GachaTech/Info.plist;
				LD_RUNPATH_SEARCH_PATHS = "$(inherited) @executable_path/Frameworks";
				PRODUCT_BUNDLE_IDENTIFIER = com.odakaayaka.GachaTech;
				PRODUCT_NAME = "$(TARGET_NAME)";
			};
			name = Debug;
		};
		676AE6EF1D05D8D4000335E8 /* Release */ = {
			isa = XCBuildConfiguration;
			buildSettings = {
				ASSETCATALOG_COMPILER_APPICON_NAME = AppIcon;
				INFOPLIST_FILE = GachaTech/Info.plist;
				LD_RUNPATH_SEARCH_PATHS = "$(inherited) @executable_path/Frameworks";
				PRODUCT_BUNDLE_IDENTIFIER = com.odakaayaka.GachaTech;
				PRODUCT_NAME = "$(TARGET_NAME)";
			};
			name = Release;
		};
		676AE6F11D05D8D4000335E8 /* Debug */ = {
			isa = XCBuildConfiguration;
			buildSettings = {
				BUNDLE_LOADER = "$(TEST_HOST)";
				INFOPLIST_FILE = GachaTechTests/Info.plist;
				LD_RUNPATH_SEARCH_PATHS = "$(inherited) @executable_path/Frameworks @loader_path/Frameworks";
				PRODUCT_BUNDLE_IDENTIFIER = com.odakaayaka.GachaTechTests;
				PRODUCT_NAME = "$(TARGET_NAME)";
				TEST_HOST = "$(BUILT_PRODUCTS_DIR)/GachaTech.app/GachaTech";
			};
			name = Debug;
		};
		676AE6F21D05D8D4000335E8 /* Release */ = {
			isa = XCBuildConfiguration;
			buildSettings = {
				BUNDLE_LOADER = "$(TEST_HOST)";
				INFOPLIST_FILE = GachaTechTests/Info.plist;
				LD_RUNPATH_SEARCH_PATHS = "$(inherited) @executable_path/Frameworks @loader_path/Frameworks";
				PRODUCT_BUNDLE_IDENTIFIER = com.odakaayaka.GachaTechTests;
				PRODUCT_NAME = "$(TARGET_NAME)";
				TEST_HOST = "$(BUILT_PRODUCTS_DIR)/GachaTech.app/GachaTech";
			};
			name = Release;
		};
		676AE6F41D05D8D4000335E8 /* Debug */ = {
			isa = XCBuildConfiguration;
			buildSettings = {
				INFOPLIST_FILE = GachaTechUITests/Info.plist;
				LD_RUNPATH_SEARCH_PATHS = "$(inherited) @executable_path/Frameworks @loader_path/Frameworks";
				PRODUCT_BUNDLE_IDENTIFIER = com.odakaayaka.GachaTechUITests;
				PRODUCT_NAME = "$(TARGET_NAME)";
				TEST_TARGET_NAME = GachaTech;
			};
			name = Debug;
		};
		676AE6F51D05D8D4000335E8 /* Release */ = {
			isa = XCBuildConfiguration;
			buildSettings = {
				INFOPLIST_FILE = GachaTechUITests/Info.plist;
				LD_RUNPATH_SEARCH_PATHS = "$(inherited) @executable_path/Frameworks @loader_path/Frameworks";
				PRODUCT_BUNDLE_IDENTIFIER = com.odakaayaka.GachaTechUITests;
				PRODUCT_NAME = "$(TARGET_NAME)";
				TEST_TARGET_NAME = GachaTech;
			};
			name = Release;
		};
/* End XCBuildConfiguration section */

/* Begin XCConfigurationList section */
		676AE6C01D05D8D2000335E8 /* Build configuration list for PBXProject "GachaTech" */ = {
			isa = XCConfigurationList;
			buildConfigurations = (
				676AE6EB1D05D8D4000335E8 /* Debug */,
				676AE6EC1D05D8D4000335E8 /* Release */,
			);
			defaultConfigurationIsVisible = 0;
			defaultConfigurationName = Release;
		};
		676AE6ED1D05D8D4000335E8 /* Build configuration list for PBXNativeTarget "GachaTech" */ = {
			isa = XCConfigurationList;
			buildConfigurations = (
				676AE6EE1D05D8D4000335E8 /* Debug */,
				676AE6EF1D05D8D4000335E8 /* Release */,
			);
			defaultConfigurationIsVisible = 0;
		};
		676AE6F01D05D8D4000335E8 /* Build configuration list for PBXNativeTarget "GachaTechTests" */ = {
			isa = XCConfigurationList;
			buildConfigurations = (
				676AE6F11D05D8D4000335E8 /* Debug */,
				676AE6F21D05D8D4000335E8 /* Release */,
			);
			defaultConfigurationIsVisible = 0;
		};
		676AE6F31D05D8D4000335E8 /* Build configuration list for PBXNativeTarget "GachaTechUITests" */ = {
			isa = XCConfigurationList;
			buildConfigurations = (
				676AE6F41D05D8D4000335E8 /* Debug */,
				676AE6F51D05D8D4000335E8 /* Release */,
			);
			defaultConfigurationIsVisible = 0;
		};
/* End XCConfigurationList section */
	};
	rootObject = 676AE6BD1D05D8D2000335E8 /* Project object */;
}
